<?xml version="1.0" encoding="utf-8"?>
<Project ToolsVersion="4.0" xmlns="http://schemas.microsoft.com/developer/msbuild/2003">
  <ItemGroup>
    <Filter Include="Source Files">
      <UniqueIdentifier>{4FC737F1-C7A5-4376-A066-2A32D752A2FF}</UniqueIdentifier>
      <Extensions>cpp;c;cc;cxx;def;odl;idl;hpj;bat;asm;asmx</Extensions>
    </Filter>
    <Filter Include="Header Files">
      <UniqueIdentifier>{93995380-89BD-4b04-88EB-625FBE52EBFB}</UniqueIdentifier>
      <Extensions>h;hh;hpp;hxx;hm;inl;inc;xsd</Extensions>
    </Filter>
    <Filter Include="Resource Files">
      <UniqueIdentifier>{67DA6AB6-F800-4c08-8B7A-83BB121AAD01}</UniqueIdentifier>
      <Extensions>rc;ico;cur;bmp;dlg;rc2;rct;bin;rgs;gif;jpg;jpeg;jpe;resx;tiff;tif;png;wav;mfcribbon-ms</Extensions>
    </Filter>
    <Filter Include="lib">
      <UniqueIdentifier>{1a7cc877-7e0e-45f8-8a93-56c45a8fa3cf}</UniqueIdentifier>
    </Filter>
    <Filter Include="lib\ext_digital">
      <UniqueIdentifier>{9d474674-3ab9-4306-91b0-b4f8d42ba35e}</UniqueIdentifier>
    </Filter>
    <Filter Include="lib\ArduinoJson">
      <UniqueIdentifier>{050927c0-e554-4dd1-8dbe-325b9f5709c7}</UniqueIdentifier>
    </Filter>
    <Filter Include="lib\ESPAsyncWebServer">
      <UniqueIdentifier>{93a4de9e-2e1e-496b-bf35-a6d1d196a1f9}</UniqueIdentifier>
    </Filter>
    <Filter Include="lib\ESPAsyncTCP">
      <UniqueIdentifier>{1cd6c171-06e5-4db5-816c-f4ccec6c0d4f}</UniqueIdentifier>
    </Filter>
    <Filter Include="lib\NTPtimeESP">
      <UniqueIdentifier>{7cc402d5-d43b-4d5e-a73f-3129871b7342}</UniqueIdentifier>
    </Filter>
    <Filter Include="lib\rtc_module">
      <UniqueIdentifier>{010b2bbf-6cea-49ba-85dd-ed3ddc09d3e0}</UniqueIdentifier>
    </Filter>
    <Filter Include="lib\ntp">
      <UniqueIdentifier>{34fdbbad-815f-4bbf-9886-70253a43c7de}</UniqueIdentifier>
    </Filter>
    <Filter Include="lib\ESPAsyncUDP">
      <UniqueIdentifier>{b5604842-5426-4f05-a430-8e020d1b838e}</UniqueIdentifier>
    </Filter>
    <Filter Include="lib\NTPAsyncUDP">
      <UniqueIdentifier>{cc4436e4-e70d-4b00-b7f8-faeb647ed8d8}</UniqueIdentifier>
    </Filter>
    <Filter Include="lib\Ticker">
      <UniqueIdentifier>{ac787595-3ee9-4b43-9261-cbedffda3a38}</UniqueIdentifier>
    </Filter>
  </ItemGroup>
  <ItemGroup>
    <None Include="src\Info.ino">
      <Filter>Source Files</Filter>
    </None>
    <None Include="src\Test.ino">
      <Filter>Source Files</Filter>
    </None>
    <None Include="src\AquaSmart.ino">
      <Filter>Source Files</Filter>
    </None>
  </ItemGroup>
  <ItemGroup>
    <ClInclude Include="__vm\.AquaSmart.vsarduino.h">
      <Filter>Header Files</Filter>
    </ClInclude>
    <ClInclude Include="__vm\.esp8266_app.vsarduino.h">
      <Filter>Header Files</Filter>
    </ClInclude>
    <ClInclude Include="src\AqvaServer.h">
      <Filter>Source Files</Filter>
    </ClInclude>
    <ClInclude Include="src\Config.hpp">
      <Filter>Source Files</Filter>
    </ClInclude>
    <ClInclude Include="lib\ext_digital\ExtDigitalOutput.h">
      <Filter>lib\ext_digital</Filter>
    </ClInclude>
    <ClInclude Include="lib\ArduinoJson\ArduinoJson.h">
      <Filter>lib\ArduinoJson</Filter>
    </ClInclude>
    <ClInclude Include="lib\ESPAsyncWebServer\AsyncEventSource.h">
      <Filter>lib\ESPAsyncWebServer</Filter>
    </ClInclude>
    <ClInclude Include="lib\ESPAsyncWebServer\AsyncJson.h">
      <Filter>lib\ESPAsyncWebServer</Filter>
    </ClInclude>
    <ClInclude Include="lib\ESPAsyncWebServer\AsyncWebSocket.h">
      <Filter>lib\ESPAsyncWebServer</Filter>
    </ClInclude>
    <ClInclude Include="lib\ESPAsyncWebServer\ESPAsyncWebServer.h">
      <Filter>lib\ESPAsyncWebServer</Filter>
    </ClInclude>
    <ClInclude Include="lib\ESPAsyncWebServer\StringArray.h">
      <Filter>lib\ESPAsyncWebServer</Filter>
    </ClInclude>
    <ClInclude Include="lib\ESPAsyncWebServer\WebAuthentication.h">
      <Filter>lib\ESPAsyncWebServer</Filter>
    </ClInclude>
    <ClInclude Include="lib\ESPAsyncWebServer\WebHandlerImpl.h">
      <Filter>lib\ESPAsyncWebServer</Filter>
    </ClInclude>
    <ClInclude Include="lib\ESPAsyncWebServer\WebResponseImpl.h">
      <Filter>lib\ESPAsyncWebServer</Filter>
    </ClInclude>
    <ClInclude Include="lib\ESPAsyncTCP\async_config.h">
      <Filter>lib\ESPAsyncTCP</Filter>
    </ClInclude>
    <ClInclude Include="lib\ESPAsyncTCP\AsyncPrinter.h">
      <Filter>lib\ESPAsyncTCP</Filter>
    </ClInclude>
    <ClInclude Include="lib\ESPAsyncTCP\ESPAsyncTCP.h">
      <Filter>lib\ESPAsyncTCP</Filter>
    </ClInclude>
    <ClInclude Include="lib\ESPAsyncTCP\ESPAsyncTCPbuffer.h">
      <Filter>lib\ESPAsyncTCP</Filter>
    </ClInclude>
    <ClInclude Include="lib\ESPAsyncTCP\SyncClient.h">
      <Filter>lib\ESPAsyncTCP</Filter>
    </ClInclude>
    <ClInclude Include="lib\ESPAsyncTCP\tcp_axtls.h">
      <Filter>lib\ESPAsyncTCP</Filter>
    </ClInclude>
    <ClInclude Include="lib\NTPtimeESP\NTPtimeESP.h">
      <Filter>lib\NTPtimeESP</Filter>
    </ClInclude>
    <ClInclude Include="lib\rtc_module\RtcDateTime.h">
      <Filter>lib\rtc_module</Filter>
    </ClInclude>
    <ClInclude Include="lib\rtc_module\RtcDS1307.h">
      <Filter>lib\rtc_module</Filter>
    </ClInclude>
    <ClInclude Include="lib\rtc_module\RtcDS3231.h">
      <Filter>lib\rtc_module</Filter>
    </ClInclude>
    <ClInclude Include="lib\rtc_module\RtcTemperature.h">
      <Filter>lib\rtc_module</Filter>
    </ClInclude>
    <ClInclude Include="lib\rtc_module\RtcUtility.h">
      <Filter>lib\rtc_module</Filter>
    </ClInclude>
    <ClInclude Include="lib\ntp\ntp.h">
      <Filter>lib\ntp</Filter>
    </ClInclude>
    <ClInclude Include="src\Modules.h">
      <Filter>Source Files</Filter>
    </ClInclude>
    <ClInclude Include="src\Constants.h">
      <Filter>Source Files</Filter>
    </ClInclude>
    <ClInclude Include="src\TimeUtil.h">
      <Filter>Source Files</Filter>
    </ClInclude>
    <ClInclude Include="lib\ESPAsyncUDP\ESPAsyncUDP.h">
      <Filter>lib\ESPAsyncUDP</Filter>
    </ClInclude>
    <ClInclude Include="lib\NTPAsyncUPD\NTPAsyncUDP.h">
      <Filter>lib\NTPAsyncUDP</Filter>
    </ClInclude>
    <ClInclude Include="lib\Ticker\Ticker.h">
      <Filter>lib\Ticker</Filter>
    </ClInclude>
  </ItemGroup>
  <ItemGroup>
    <ClCompile Include="src\AqvaServer.cpp">
      <Filter>Source Files</Filter>
    </ClCompile>
    <ClCompile Include="src\DebugTests.cpp">
      <Filter>Source Files</Filter>
    </ClCompile>
    <ClCompile Include="src\SPIFFSEditor.cpp">
      <Filter>Source Files</Filter>
    </ClCompile>
    <ClCompile Include="lib\ext_digital\ExtDigitalOutput.cpp">
      <Filter>lib\ext_digital</Filter>
    </ClCompile>
    <ClCompile Include="lib\ESPAsyncWebServer\AsyncEventSource.cpp">
      <Filter>lib\ESPAsyncWebServer</Filter>
    </ClCompile>
    <ClCompile Include="lib\ESPAsyncWebServer\AsyncWebSocket.cpp">
      <Filter>lib\ESPAsyncWebServer</Filter>
    </ClCompile>
    <ClCompile Include="lib\ESPAsyncWebServer\WebAuthentication.cpp">
      <Filter>lib\ESPAsyncWebServer</Filter>
    </ClCompile>
    <ClCompile Include="lib\ESPAsyncWebServer\WebHandlers.cpp">
      <Filter>lib\ESPAsyncWebServer</Filter>
    </ClCompile>
    <ClCompile Include="lib\ESPAsyncWebServer\WebRequest.cpp">
      <Filter>lib\ESPAsyncWebServer</Filter>
    </ClCompile>
    <ClCompile Include="lib\ESPAsyncWebServer\WebResponses.cpp">
      <Filter>lib\ESPAsyncWebServer</Filter>
    </ClCompile>
    <ClCompile Include="lib\ESPAsyncWebServer\WebServer.cpp">
      <Filter>lib\ESPAsyncWebServer</Filter>
    </ClCompile>
    <ClCompile Include="lib\ESPAsyncTCP\AsyncPrinter.cpp">
      <Filter>lib\ESPAsyncTCP</Filter>
    </ClCompile>
    <ClCompile Include="lib\ESPAsyncTCP\ESPAsyncTCP.cpp">
      <Filter>lib\ESPAsyncTCP</Filter>
    </ClCompile>
    <ClCompile Include="lib\ESPAsyncTCP\ESPAsyncTCPbuffer.cpp">
      <Filter>lib\ESPAsyncTCP</Filter>
    </ClCompile>
    <ClCompile Include="lib\ESPAsyncTCP\SyncClient.cpp">
      <Filter>lib\ESPAsyncTCP</Filter>
    </ClCompile>
    <ClCompile Include="lib\ESPAsyncTCP\tcp_axtls.c">
      <Filter>lib\ESPAsyncTCP</Filter>
    </ClCompile>
    <ClCompile Include="lib\NTPtimeESP\NTPtimeESP.cpp">
      <Filter>lib\NTPtimeESP</Filter>
    </ClCompile>
    <ClCompile Include="lib\rtc_module\RtcDateTime.cpp">
      <Filter>lib\rtc_module</Filter>
    </ClCompile>
    <ClCompile Include="lib\rtc_module\RtcDS1307.cpp">
      <Filter>lib\rtc_module</Filter>
    </ClCompile>
    <ClCompile Include="lib\rtc_module\RtcDS3231.cpp">
      <Filter>lib\rtc_module</Filter>
    </ClCompile>
    <ClCompile Include="lib\rtc_module\RtcUtility.cpp">
      <Filter>lib\rtc_module</Filter>
    </ClCompile>
    <ClCompile Include="src\AqvaServerApiHandler.cpp">
      <Filter>Source Files</Filter>
    </ClCompile>
    <ClCompile Include="lib\ntp\ntp.c">
      <Filter>lib\ntp</Filter>
    </ClCompile>
    <ClCompile Include="lib\ntp\timezone.c">
      <Filter>lib\ntp</Filter>
    </ClCompile>
    <ClCompile Include="src\TimeUtil.cpp">
      <Filter>Source Files</Filter>
    </ClCompile>
    <ClCompile Include="lib\ESPAsyncUDP\AsyncUDP.cpp">
      <Filter>lib\ESPAsyncUDP</Filter>
    </ClCompile>
    <ClCompile Include="lib\NTPAsyncUPD\NTPAsyncUDP.cpp">
      <Filter>lib\NTPAsyncUDP</Filter>
    </ClCompile>
    <ClCompile Include="lib\Ticker\Ticker.cpp">
      <Filter>lib\Ticker</Filter>
    </ClCompile>
  </ItemGroup>
</Project>